
Microsoft Visual Studio Solution File, Format Version 12.00
# Visual Studio 15
VisualStudioVersion = 15.0.34031.82
MinimumVisualStudioVersion = 10.0.40219.1
Project("{FAE04EC0-301F-11D3-BF4B-00C04F79EFBC}") = "Worms2-Launcher", "Worms2\Worms2-Launcher.csproj", "{182C7F27-986A-4FFF-8AC9-5A49EA4277DC}"
EndProject
Global
	GlobalSection(SolutionConfigurationPlatforms) = preSolution
		Debug|Any CPU = Debug|Any CPU
		Release|Any CPU = Release|Any CPU
	EndGlobalSection
	GlobalSection(ProjectConfigurationPlatforms) = postSolution
		{182C7F27-986A-4FFF-8AC9-5A49EA4277DC}.Debug|Any CPU.ActiveCfg = Debug|Any CPU
		{182C7F27-986A-4FFF-8AC9-5A49EA4277DC}.Debug|Any CPU.Build.0 = Debug|Any CPU
		{182C7F27-986A-4FFF-8AC9-5A49EA4277DC}.Release|Any CPU.ActiveCfg = Release|Any CPU
		{182C7F27-986A-4FFF-8AC9-5A49EA4277DC}.Release|Any CPU.Build.0 = Release|Any CPU
	EndGlobalSection
	GlobalSection(SolutionProperties) = preSolution
		HideSolutionNode = FALSE
	EndGlobalSection
	GlobalSection(ExtensibilityGlobals) = postSolution
		SolutionGuid = {70DE0193-3C5E-4B48-B139-74257DD54DF0}
	EndGlobalSection
EndGlobal
